
Microsoft Visual Studio Solution File, Format Version 12.00
# Visual Studio Version 16
VisualStudioVersion = 16.0.30114.105
MinimumVisualStudioVersion = 10.0.40219.1
Project("{FAE04EC0-301F-11D3-BF4B-00C04F79EFBC}") = "TodoList.Entities", "TodoList.Entities\TodoList.Entities.csproj", "{834FBEF6-A43F-4B7D-8879-048CD6E5DB7A}"
EndProject
Project("{FAE04EC0-301F-11D3-BF4B-00C04F79EFBC}") = "TodoList.Data", "TodoList.Data\TodoList.Data.csproj", "{831F2D61-30A5-4C6D-AE2D-2FA6C4E4EFD6}"
EndProject
Project("{FAE04EC0-301F-11D3-BF4B-00C04F79EFBC}") = "TodoList.Business", "TodoList.Business\TodoList.Business.csproj", "{D79FA277-9FBB-4DA6-BD40-975D90573BF1}"
EndProject
Project("{FAE04EC0-301F-11D3-BF4B-00C04F79EFBC}") = "TodoList.Presentation", "TodoList.Presentation\TodoList.Presentation.csproj", "{EE0DB534-5907-47B0-9D3D-7398AC68FB83}"
EndProject
Global
	GlobalSection(SolutionConfigurationPlatforms) = preSolution
		Debug|Any CPU = Debug|Any CPU
		Debug|x64 = Debug|x64
		Debug|x86 = Debug|x86
		Release|Any CPU = Release|Any CPU
		Release|x64 = Release|x64
		Release|x86 = Release|x86
	EndGlobalSection
	GlobalSection(SolutionProperties) = preSolution
		HideSolutionNode = FALSE
	EndGlobalSection
	GlobalSection(ProjectConfigurationPlatforms) = postSolution
		{834FBEF6-A43F-4B7D-8879-048CD6E5DB7A}.Debug|Any CPU.ActiveCfg = Debug|Any CPU
		{834FBEF6-A43F-4B7D-8879-048CD6E5DB7A}.Debug|Any CPU.Build.0 = Debug|Any CPU
		{834FBEF6-A43F-4B7D-8879-048CD6E5DB7A}.Debug|x64.ActiveCfg = Debug|Any CPU
		{834FBEF6-A43F-4B7D-8879-048CD6E5DB7A}.Debug|x64.Build.0 = Debug|Any CPU
		{834FBEF6-A43F-4B7D-8879-048CD6E5DB7A}.Debug|x86.ActiveCfg = Debug|Any CPU
		{834FBEF6-A43F-4B7D-8879-048CD6E5DB7A}.Debug|x86.Build.0 = Debug|Any CPU
		{834FBEF6-A43F-4B7D-8879-048CD6E5DB7A}.Release|Any CPU.ActiveCfg = Release|Any CPU
		{834FBEF6-A43F-4B7D-8879-048CD6E5DB7A}.Release|Any CPU.Build.0 = Release|Any CPU
		{834FBEF6-A43F-4B7D-8879-048CD6E5DB7A}.Release|x64.ActiveCfg = Release|Any CPU
		{834FBEF6-A43F-4B7D-8879-048CD6E5DB7A}.Release|x64.Build.0 = Release|Any CPU
		{834FBEF6-A43F-4B7D-8879-048CD6E5DB7A}.Release|x86.ActiveCfg = Release|Any CPU
		{834FBEF6-A43F-4B7D-8879-048CD6E5DB7A}.Release|x86.Build.0 = Release|Any CPU
		{831F2D61-30A5-4C6D-AE2D-2FA6C4E4EFD6}.Debug|Any CPU.ActiveCfg = Debug|Any CPU
		{831F2D61-30A5-4C6D-AE2D-2FA6C4E4EFD6}.Debug|Any CPU.Build.0 = Debug|Any CPU
		{831F2D61-30A5-4C6D-AE2D-2FA6C4E4EFD6}.Debug|x64.ActiveCfg = Debug|Any CPU
		{831F2D61-30A5-4C6D-AE2D-2FA6C4E4EFD6}.Debug|x64.Build.0 = Debug|Any CPU
		{831F2D61-30A5-4C6D-AE2D-2FA6C4E4EFD6}.Debug|x86.ActiveCfg = Debug|Any CPU
		{831F2D61-30A5-4C6D-AE2D-2FA6C4E4EFD6}.Debug|x86.Build.0 = Debug|Any CPU
		{831F2D61-30A5-4C6D-AE2D-2FA6C4E4EFD6}.Release|Any CPU.ActiveCfg = Release|Any CPU
		{831F2D61-30A5-4C6D-AE2D-2FA6C4E4EFD6}.Release|Any CPU.Build.0 = Release|Any CPU
		{831F2D61-30A5-4C6D-AE2D-2FA6C4E4EFD6}.Release|x64.ActiveCfg = Release|Any CPU
		{831F2D61-30A5-4C6D-AE2D-2FA6C4E4EFD6}.Release|x64.Build.0 = Release|Any CPU
		{831F2D61-30A5-4C6D-AE2D-2FA6C4E4EFD6}.Release|x86.ActiveCfg = Release|Any CPU
		{831F2D61-30A5-4C6D-AE2D-2FA6C4E4EFD6}.Release|x86.Build.0 = Release|Any CPU
		{D79FA277-9FBB-4DA6-BD40-975D90573BF1}.Debug|Any CPU.ActiveCfg = Debug|Any CPU
		{D79FA277-9FBB-4DA6-BD40-975D90573BF1}.Debug|Any CPU.Build.0 = Debug|Any CPU
		{D79FA277-9FBB-4DA6-BD40-975D90573BF1}.Debug|x64.ActiveCfg = Debug|Any CPU
		{D79FA277-9FBB-4DA6-BD40-975D90573BF1}.Debug|x64.Build.0 = Debug|Any CPU
		{D79FA277-9FBB-4DA6-BD40-975D90573BF1}.Debug|x86.ActiveCfg = Debug|Any CPU
		{D79FA277-9FBB-4DA6-BD40-975D90573BF1}.Debug|x86.Build.0 = Debug|Any CPU
		{D79FA277-9FBB-4DA6-BD40-975D90573BF1}.Release|Any CPU.ActiveCfg = Release|Any CPU
		{D79FA277-9FBB-4DA6-BD40-975D90573BF1}.Release|Any CPU.Build.0 = Release|Any CPU
		{D79FA277-9FBB-4DA6-BD40-975D90573BF1}.Release|x64.ActiveCfg = Release|Any CPU
		{D79FA277-9FBB-4DA6-BD40-975D90573BF1}.Release|x64.Build.0 = Release|Any CPU
		{D79FA277-9FBB-4DA6-BD40-975D90573BF1}.Release|x86.ActiveCfg = Release|Any CPU
		{D79FA277-9FBB-4DA6-BD40-975D90573BF1}.Release|x86.Build.0 = Release|Any CPU
		{EE0DB534-5907-47B0-9D3D-7398AC68FB83}.Debug|Any CPU.ActiveCfg = Debug|Any CPU
		{EE0DB534-5907-47B0-9D3D-7398AC68FB83}.Debug|Any CPU.Build.0 = Debug|Any CPU
		{EE0DB534-5907-47B0-9D3D-7398AC68FB83}.Debug|x64.ActiveCfg = Debug|Any CPU
		{EE0DB534-5907-47B0-9D3D-7398AC68FB83}.Debug|x64.Build.0 = Debug|Any CPU
		{EE0DB534-5907-47B0-9D3D-7398AC68FB83}.Debug|x86.ActiveCfg = Debug|Any CPU
		{EE0DB534-5907-47B0-9D3D-7398AC68FB83}.Debug|x86.Build.0 = Debug|Any CPU
		{EE0DB534-5907-47B0-9D3D-7398AC68FB83}.Release|Any CPU.ActiveCfg = Release|Any CPU
		{EE0DB534-5907-47B0-9D3D-7398AC68FB83}.Release|Any CPU.Build.0 = Release|Any CPU
		{EE0DB534-5907-47B0-9D3D-7398AC68FB83}.Release|x64.ActiveCfg = Release|Any CPU
		{EE0DB534-5907-47B0-9D3D-7398AC68FB83}.Release|x64.Build.0 = Release|Any CPU
		{EE0DB534-5907-47B0-9D3D-7398AC68FB83}.Release|x86.ActiveCfg = Release|Any CPU
		{EE0DB534-5907-47B0-9D3D-7398AC68FB83}.Release|x86.Build.0 = Release|Any CPU
	EndGlobalSection
EndGlobal
